
Microsoft Visual Studio Solution File, Format Version 12.00
# Visual Studio Version 16
VisualStudioVersion = 16.0.30320.27
MinimumVisualStudioVersion = 10.0.40219.1
Project("{FAE04EC0-301F-11D3-BF4B-00C04F79EFBC}") = "MainApp", "MainApp\MainApp.csproj", "{FA759AED-1CAC-4553-AC67-C1C0EBC48BAA}"
EndProject
Project("{FAE04EC0-301F-11D3-BF4B-00C04F79EFBC}") = "MainApp.Test", "MainApp.Test\MainApp.Test.csproj", "{67A019FA-460D-464D-8DF7-0DF7655429FF}"
EndProject
Global
	GlobalSection(SolutionConfigurationPlatforms) = preSolution
		Debug|Any CPU = Debug|Any CPU
		Release|Any CPU = Release|Any CPU
	EndGlobalSection
	GlobalSection(ProjectConfigurationPlatforms) = postSolution
		{FA759AED-1CAC-4553-AC67-C1C0EBC48BAA}.Debug|Any CPU.ActiveCfg = Debug|Any CPU
		{FA759AED-1CAC-4553-AC67-C1C0EBC48BAA}.Debug|Any CPU.Build.0 = Debug|Any CPU
		{FA759AED-1CAC-4553-AC67-C1C0EBC48BAA}.Release|Any CPU.ActiveCfg = Release|Any CPU
		{FA759AED-1CAC-4553-AC67-C1C0EBC48BAA}.Release|Any CPU.Build.0 = Release|Any CPU
		{67A019FA-460D-464D-8DF7-0DF7655429FF}.Debug|Any CPU.ActiveCfg = Debug|Any CPU
		{67A019FA-460D-464D-8DF7-0DF7655429FF}.Debug|Any CPU.Build.0 = Debug|Any CPU
		{67A019FA-460D-464D-8DF7-0DF7655429FF}.Release|Any CPU.ActiveCfg = Release|Any CPU
		{67A019FA-460D-464D-8DF7-0DF7655429FF}.Release|Any CPU.Build.0 = Release|Any CPU
	EndGlobalSection
	GlobalSection(SolutionProperties) = preSolution
		HideSolutionNode = FALSE
	EndGlobalSection
	GlobalSection(ExtensibilityGlobals) = postSolution
		SolutionGuid = {DBAC8B9C-8E45-43A7-A811-C3D7F334F546}
	EndGlobalSection
EndGlobal
